DEPENDENCIES
  apt
  rundeck
    path: .
    metadata: true
  rundeck_test
    path: test/cookbooks/rundeck_test

GRAPH
  apt (2.6.0)
  build-essential (2.1.2)
  java (1.28.0)
  poise (1.0.10)
  rundeck (99.1.22)
    apt (>= 0.0.0)
    java (>= 0.0.0)
    poise (>= 0.0.0)
    runit (>= 0.0.0)
    yum (>= 0.0.0)
  rundeck_test (0.0.0)
    rundeck (>= 0.0.0)
  runit (1.5.10)
    build-essential (>= 0.0.0)
    yum (~> 3.0)
    yum-epel (>= 0.0.0)
  yum (3.4.1)
  yum-epel (0.5.2)
    yum (~> 3.0)
